
Microsoft Visual Studio Solution File, Format Version 12.00
# Visual Studio Version 17
VisualStudioVersion = 17.9.34728.123
MinimumVisualStudioVersion = 10.0.40219.1
Project("{FAE04EC0-301F-11D3-BF4B-00C04F79EFBC}") = "ChainOfRespProject", "ChainOfRespProject\ChainOfRespProject.csproj", "{51F186A8-0D2D-4B1F-8FFC-0FB61409C622}"
EndProject
Global
	GlobalSection(SolutionConfigurationPlatforms) = preSolution
		Debug|Any CPU = Debug|Any CPU
		Release|Any CPU = Release|Any CPU
	EndGlobalSection
	GlobalSection(ProjectConfigurationPlatforms) = postSolution
		{51F186A8-0D2D-4B1F-8FFC-0FB61409C622}.Debug|Any CPU.ActiveCfg = Debug|Any CPU
		{51F186A8-0D2D-4B1F-8FFC-0FB61409C622}.Debug|Any CPU.Build.0 = Debug|Any CPU
		{51F186A8-0D2D-4B1F-8FFC-0FB61409C622}.Release|Any CPU.ActiveCfg = Release|Any CPU
		{51F186A8-0D2D-4B1F-8FFC-0FB61409C622}.Release|Any CPU.Build.0 = Release|Any CPU
	EndGlobalSection
	GlobalSection(SolutionProperties) = preSolution
		HideSolutionNode = FALSE
	EndGlobalSection
	GlobalSection(ExtensibilityGlobals) = postSolution
		SolutionGuid = {5705C90D-A666-4405-9474-BE7CEBF053CB}
	EndGlobalSection
EndGlobal
